# generated by rye
# use `rye lock` or `rye sync` to update this lockfile
#
# last locked with the following flags:
#   pre: false
#   features: []
#   all-features: false
#   with-sources: false

-e file:.
appdirs==1.4.4
    # via fissix
attrs==23.2.0
    # via bowler
bowler==0.9.0
    # via framework-to-litestar
cappa==0.18.1
    # via framework-to-litestar
click==8.1.7
    # via bowler
    # via moreorless
eval-type-backport==0.2.0
    # via cappa
fissix==24.4.24
    # via bowler
libcst==1.1.0
    # via framework-to-litestar
markdown-it-py==3.0.0
    # via rich
mdurl==0.1.2
    # via markdown-it-py
moreorless==0.4.0
    # via bowler
mypy-extensions==1.0.0
    # via typing-inspect
pygments==2.17.2
    # via rich
pyyaml==6.0.1
    # via libcst
rich==13.7.1
    # via cappa
typing-extensions==4.11.0
    # via cappa
    # via framework-to-litestar
    # via libcst
    # via rich
    # via typing-inspect
typing-inspect==0.9.0
    # via cappa
    # via libcst
volatile==2.1.0
    # via bowler
